
Microsoft Visual Studio Solution File, Format Version 12.00
# Visual Studio Version 16
VisualStudioVersion = 16.0.29920.165
MinimumVisualStudioVersion = 10.0.40219.1
Project("{FAE04EC0-301F-11D3-BF4B-00C04F79EFBC}") = "DemoApp", "DemoApp\DemoApp.csproj", "{EDBFB2E0-EC5E-4DBE-AAC4-179E62D18A4A}"
EndProject
Project("{9A19103F-16F7-4668-BE54-9A1E7A4F7556}") = "RepositoryLib", "..\..\BestDataAccessDemo\Repository\RepositoryLib.csproj", "{B1DBC5F3-399B-4A4D-A7D4-9F55BAE09A85}"
EndProject
Global
	GlobalSection(SolutionConfigurationPlatforms) = preSolution
		Debug|Any CPU = Debug|Any CPU
		Debug|x64 = Debug|x64
		Debug|x86 = Debug|x86
		Release|Any CPU = Release|Any CPU
		Release|x64 = Release|x64
		Release|x86 = Release|x86
	EndGlobalSection
	GlobalSection(ProjectConfigurationPlatforms) = postSolution
		{EDBFB2E0-EC5E-4DBE-AAC4-179E62D18A4A}.Debug|Any CPU.ActiveCfg = Debug|Any CPU
		{EDBFB2E0-EC5E-4DBE-AAC4-179E62D18A4A}.Debug|Any CPU.Build.0 = Debug|Any CPU
		{EDBFB2E0-EC5E-4DBE-AAC4-179E62D18A4A}.Debug|x64.ActiveCfg = Debug|x64
		{EDBFB2E0-EC5E-4DBE-AAC4-179E62D18A4A}.Debug|x64.Build.0 = Debug|x64
		{EDBFB2E0-EC5E-4DBE-AAC4-179E62D18A4A}.Debug|x86.ActiveCfg = Debug|Any CPU
		{EDBFB2E0-EC5E-4DBE-AAC4-179E62D18A4A}.Debug|x86.Build.0 = Debug|Any CPU
		{EDBFB2E0-EC5E-4DBE-AAC4-179E62D18A4A}.Release|Any CPU.ActiveCfg = Release|Any CPU
		{EDBFB2E0-EC5E-4DBE-AAC4-179E62D18A4A}.Release|Any CPU.Build.0 = Release|Any CPU
		{EDBFB2E0-EC5E-4DBE-AAC4-179E62D18A4A}.Release|x64.ActiveCfg = Release|x64
		{EDBFB2E0-EC5E-4DBE-AAC4-179E62D18A4A}.Release|x64.Build.0 = Release|x64
		{EDBFB2E0-EC5E-4DBE-AAC4-179E62D18A4A}.Release|x86.ActiveCfg = Release|x86
		{EDBFB2E0-EC5E-4DBE-AAC4-179E62D18A4A}.Release|x86.Build.0 = Release|x86
		{B1DBC5F3-399B-4A4D-A7D4-9F55BAE09A85}.Debug|Any CPU.ActiveCfg = Debug|Any CPU
		{B1DBC5F3-399B-4A4D-A7D4-9F55BAE09A85}.Debug|Any CPU.Build.0 = Debug|Any CPU
		{B1DBC5F3-399B-4A4D-A7D4-9F55BAE09A85}.Debug|x64.ActiveCfg = Debug|Any CPU
		{B1DBC5F3-399B-4A4D-A7D4-9F55BAE09A85}.Debug|x64.Build.0 = Debug|Any CPU
		{B1DBC5F3-399B-4A4D-A7D4-9F55BAE09A85}.Debug|x86.ActiveCfg = Debug|Any CPU
		{B1DBC5F3-399B-4A4D-A7D4-9F55BAE09A85}.Debug|x86.Build.0 = Debug|Any CPU
		{B1DBC5F3-399B-4A4D-A7D4-9F55BAE09A85}.Release|Any CPU.ActiveCfg = Release|Any CPU
		{B1DBC5F3-399B-4A4D-A7D4-9F55BAE09A85}.Release|Any CPU.Build.0 = Release|Any CPU
		{B1DBC5F3-399B-4A4D-A7D4-9F55BAE09A85}.Release|x64.ActiveCfg = Release|Any CPU
		{B1DBC5F3-399B-4A4D-A7D4-9F55BAE09A85}.Release|x64.Build.0 = Release|Any CPU
		{B1DBC5F3-399B-4A4D-A7D4-9F55BAE09A85}.Release|x86.ActiveCfg = Release|Any CPU
		{B1DBC5F3-399B-4A4D-A7D4-9F55BAE09A85}.Release|x86.Build.0 = Release|Any CPU
	EndGlobalSection
	GlobalSection(SolutionProperties) = preSolution
		HideSolutionNode = FALSE
	EndGlobalSection
	GlobalSection(ExtensibilityGlobals) = postSolution
		SolutionGuid = {849EA687-4FEC-4B03-82FF-2D33AB38E24D}
	EndGlobalSection
EndGlobal
